
Microsoft Visual Studio Solution File, Format Version 12.00
# Visual Studio Version 17
VisualStudioVersion = 17.13.35825.156 d17.13
MinimumVisualStudioVersion = 10.0.40219.1
Project("{FAE04EC0-301F-11D3-BF4B-00C04F79EFBC}") = "KataReservation-Front", "KataReservation-Front.csproj", "{258D4108-C582-4241-958A-C2B8619C740F}"
EndProject
Global
	GlobalSection(SolutionConfigurationPlatforms) = preSolution
		Debug|Any CPU = Debug|Any CPU
		Release|Any CPU = Release|Any CPU
	EndGlobalSection
	GlobalSection(ProjectConfigurationPlatforms) = postSolution
		{258D4108-C582-4241-958A-C2B8619C740F}.Debug|Any CPU.ActiveCfg = Debug|Any CPU
		{258D4108-C582-4241-958A-C2B8619C740F}.Debug|Any CPU.Build.0 = Debug|Any CPU
		{258D4108-C582-4241-958A-C2B8619C740F}.Release|Any CPU.ActiveCfg = Release|Any CPU
		{258D4108-C582-4241-958A-C2B8619C740F}.Release|Any CPU.Build.0 = Release|Any CPU
	EndGlobalSection
	GlobalSection(SolutionProperties) = preSolution
		HideSolutionNode = FALSE
	EndGlobalSection
	GlobalSection(ExtensibilityGlobals) = postSolution
		SolutionGuid = {0C844A50-E058-437F-8D39-D3EC36BCF3B7}
	EndGlobalSection
EndGlobal
